{
  "requires": true,
  "lockfileVersion": 1,
  "dependencies": {
    "rightmeow-palindrome": {
      "version": "0.1.0",
      "resolved": "https://registry.npmjs.org/rightmeow-palindrome/-/rightmeow-palindrome-0.1.0.tgz",
      "integrity": "sha512-F+0FdP5lDYoFhO3QmwEDr5g4AfiXFpp7oKEjlFrByo6gNfZTN+D4qY39ZD6Njf044Bq9/+ePFWxL1VMP2Kqihw=="
    }
  }
}
